# This file is automatically @generated by Cargo.
# It is not intended for manual editing.
version = 3

[[package]]
name = "fyfth"
version = "0.1.0"

[[package]]
name = "fyfth_core"
version = "0.1.0"

[[package]]
name = "fyfth_focus"
version = "0.1.0"

[[package]]
name = "fyfth_terminal"
version = "0.1.0"
